
Microsoft Visual Studio Solution File, Format Version 12.00
# Visual Studio Version 17
VisualStudioVersion = 17.1.32421.90
MinimumVisualStudioVersion = 10.0.40219.1
Project("{FAE04EC0-301F-11D3-BF4B-00C04F79EFBC}") = "Exercise01", "Exercise01\Exercise01.csproj", "{89FD080E-C389-4A16-9279-3BAB3117A06B}"
EndProject
Project("{FAE04EC0-301F-11D3-BF4B-00C04F79EFBC}") = "Exercise02", "Exercise02\Exercise02.csproj", "{10EE4CAB-2188-4205-B3B2-5D81914DE0A9}"
EndProject
Project("{FAE04EC0-301F-11D3-BF4B-00C04F79EFBC}") = "NumberToWordsTest", "NumberToWordsTest\NumberToWordsTest.csproj", "{4157B5E5-ACB6-482D-82D3-4FE72DD2C082}"
EndProject
Global
	GlobalSection(SolutionConfigurationPlatforms) = preSolution
		Debug|Any CPU = Debug|Any CPU
		Release|Any CPU = Release|Any CPU
	EndGlobalSection
	GlobalSection(ProjectConfigurationPlatforms) = postSolution
		{89FD080E-C389-4A16-9279-3BAB3117A06B}.Debug|Any CPU.ActiveCfg = Debug|Any CPU
		{89FD080E-C389-4A16-9279-3BAB3117A06B}.Debug|Any CPU.Build.0 = Debug|Any CPU
		{89FD080E-C389-4A16-9279-3BAB3117A06B}.Release|Any CPU.ActiveCfg = Release|Any CPU
		{89FD080E-C389-4A16-9279-3BAB3117A06B}.Release|Any CPU.Build.0 = Release|Any CPU
		{10EE4CAB-2188-4205-B3B2-5D81914DE0A9}.Debug|Any CPU.ActiveCfg = Debug|Any CPU
		{10EE4CAB-2188-4205-B3B2-5D81914DE0A9}.Debug|Any CPU.Build.0 = Debug|Any CPU
		{10EE4CAB-2188-4205-B3B2-5D81914DE0A9}.Release|Any CPU.ActiveCfg = Release|Any CPU
		{10EE4CAB-2188-4205-B3B2-5D81914DE0A9}.Release|Any CPU.Build.0 = Release|Any CPU
		{4157B5E5-ACB6-482D-82D3-4FE72DD2C082}.Debug|Any CPU.ActiveCfg = Debug|Any CPU
		{4157B5E5-ACB6-482D-82D3-4FE72DD2C082}.Debug|Any CPU.Build.0 = Debug|Any CPU
		{4157B5E5-ACB6-482D-82D3-4FE72DD2C082}.Release|Any CPU.ActiveCfg = Release|Any CPU
		{4157B5E5-ACB6-482D-82D3-4FE72DD2C082}.Release|Any CPU.Build.0 = Release|Any CPU
	EndGlobalSection
	GlobalSection(SolutionProperties) = preSolution
		HideSolutionNode = FALSE
	EndGlobalSection
	GlobalSection(ExtensibilityGlobals) = postSolution
		SolutionGuid = {82FC239B-9266-460A-8988-B2BD35BFAEBC}
	EndGlobalSection
EndGlobal
